# THIS IS AN AUTOGENERATED FILE. DO NOT EDIT THIS FILE DIRECTLY.
# yarn lockfile v1


bootstrap@^5.2.2:
  version "5.2.2"
  resolved "https://registry.yarnpkg.com/bootstrap/-/bootstrap-5.2.2.tgz#834e053eed584a65e244d8aa112a6959f56e27a0"
  integrity sha512-dEtzMTV71n6Fhmbg4fYJzQsw1N29hJKO1js5ackCgIpDcGid2ETMGC6zwSYw09v05Y+oRdQ9loC54zB1La3hHQ==

strftime@^0.10.1:
  version "0.10.1"
  resolved "https://registry.yarnpkg.com/strftime/-/strftime-0.10.1.tgz#108af1176a7d5252cfbddbdb2af044dfae538389"
  integrity sha512-nVvH6JG8KlXFPC0f8lojLgEsPA18lRpLZ+RrJh/NkQV2tqOgZfbas8gcU8SFgnnqR3rWzZPYu6N2A3xzs/8rQg==
